NeoBundleLock L9 c822b05ee0886f9a9703227dc85a6d47612c4bf1
NeoBundleLock neobundle.vim c6fa48cd665071b7a4dbf5ab53f48cd5884716ee
NeoBundleLock nerdtree 5f3a44d066a1ab356cc12476ac9f4d271d72645a
NeoBundleLock nerdtree-git-plugin 6a9b3122cb89b3a45ec444f9787a895125aca8aa
NeoBundleLock tlib_vim 6f9d75b54478bcaab722d33cbec69d8a1fe49f32
NeoBundleLock vim-addon-mw-utils 0c5612fa31ee434ba055e21c76f456244b3b5109
NeoBundleLock vim-airline 9eb51f48f4c63dd015090382abc29f5a212039cc
NeoBundleLock vim-autocomplpop 5ceb2dfd368b36af029fabaed1bef3c5c4306d34
NeoBundleLock vim-multiple-cursors 3afc475cc64479a406ce73d3333df1f67db3c73f
NeoBundleLock vim-snipmate a9802f2351910f64b70fb10b63651e6ff6b8125e
NeoBundleLock vim-snippets 4a462103b2d5c8ed2157c66b657b5e85d3f0b218
NeoBundleLock vimproc 25cb83f24edec4aec1e9f1329302235e7a7a7fe0
NeoBundleLock vimshell.vim d0c5bef010237855b4de25863bc54895effe5d7a
